// !$*UTF8*$!
{
	archiveVersion = 1;
	classes = {
	};
	objectVersion = 46;
	objects = {

/* Begin PBXBuildFile section */
		93AC0A4C195C02530034CA5A /* Foundation.framework in Frameworks */ = {isa = PBXBuildFile; fileRef = 93AC0A4B195C02530034CA5A /* Foundation.framework */; };
		93AC0A4E195C02530034CA5A /* CoreGraphics.framework in Frameworks */ = {isa = PBXBuildFile; fileRef = 93AC0A4D195C02530034CA5A /* CoreGraphics.framework */; };
		93AC0A50195C02530034CA5A /* UIKit.framework in Frameworks */ = {isa = PBXBuildFile; fileRef = 93AC0A4F195C02530034CA5A /* UIKit.framework */; };
		93AC0A56195C02530034CA5A /* InfoPlist.strings in Resources */ = {isa = PBXBuildFile; fileRef = 93AC0A54195C02530034CA5A /* InfoPlist.strings */; };
		93AC0A58195C02530034CA5A /* main.m in Sources */ = {isa = PBXBuildFile; fileRef = 93AC0A57195C02530034CA5A /* main.m */; };
		93AC0A5C195C02530034CA5A /* AppDelegate.m in Sources */ = {isa = PBXBuildFile; fileRef = 93AC0A5B195C02530034CA5A /* AppDelegate.m */; };
		93AC0A5F195C02530034CA5A /* Main.storyboard in Resources */ = {isa = PBXBuildFile; fileRef = 93AC0A5D195C02530034CA5A /* Main.storyboard */; };
		93AC0A62195C02530034CA5A /* ViewController.m in Sources */ = {isa = PBXBuildFile; fileRef = 93AC0A61195C02530034CA5A /* ViewController.m */; };
		93AC0A64195C02530034CA5A /* Images.xcassets in Resources */ = {isa = PBXBuildFile; fileRef = 93AC0A63195C02530034CA5A /* Images.xcassets */; };
		93AC0A6B195C02530034CA5A /* XCTest.framework in Frameworks */ = {isa = PBXBuildFile; fileRef = 93AC0A6A195C02530034CA5A /* XCTest.framework */; };
		93AC0A6C195C02530034CA5A /* Foundation.framework in Frameworks */ = {isa = PBXBuildFile; fileRef = 93AC0A4B195C02530034CA5A /* Foundation.framework */; };
		93AC0A6D195C02530034CA5A /* UIKit.framework in Frameworks */ = {isa = PBXBuildFile; fileRef = 93AC0A4F195C02530034CA5A /* UIKit.framework */; };
		93AC0A75195C02530034CA5A /* InfoPlist.strings in Resources */ = {isa = PBXBuildFile; fileRef = 93AC0A73195C02530034CA5A /* InfoPlist.strings */; };
		93AC0A77195C02530034CA5A /* Udemy_5_Pirate_adventure_Tests.m in Sources */ = {isa = PBXBuildFile; fileRef = 93AC0A76195C02530034CA5A /* Udemy_5_Pirate_adventure_Tests.m */; };
		93AC0AC3195DDBC10034CA5A /* Tile.m in Sources */ = {isa = PBXBuildFile; fileRef = 93AC0AC2195DDBC10034CA5A /* Tile.m */; };
		93AC0AC6196004AB0034CA5A /* Factory.m in Sources */ = {isa = PBXBuildFile; fileRef = 93AC0AC5196004AB0034CA5A /* Factory.m */; };
		93AC0AD5196121CA0034CA5A /* PirateAttack.jpg in Resources */ = {isa = PBXBuildFile; fileRef = 93AC0AC9196121CA0034CA5A /* PirateAttack.jpg */; };
		93AC0AD6196121CA0034CA5A /* PirateBlacksmith.jpeg in Resources */ = {isa = PBXBuildFile; fileRef = 93AC0ACA196121CA0034CA5A /* PirateBlacksmith.jpeg */; };
		93AC0AD7196121CA0034CA5A /* PirateBoss.jpeg in Resources */ = {isa = PBXBuildFile; fileRef = 93AC0ACB196121CA0034CA5A /* PirateBoss.jpeg */; };
		93AC0AD8196121CA0034CA5A /* PirateFriendlyDock.jpg in Resources */ = {isa = PBXBuildFile; fileRef = 93AC0ACC196121CA0034CA5A /* PirateFriendlyDock.jpg */; };
		93AC0AD9196121CA0034CA5A /* PirateOctopusAttack.jpg in Resources */ = {isa = PBXBuildFile; fileRef = 93AC0ACD196121CA0034CA5A /* PirateOctopusAttack.jpg */; };
		93AC0ADA196121CA0034CA5A /* PirateParrot.jpg in Resources */ = {isa = PBXBuildFile; fileRef = 93AC0ACE196121CA0034CA5A /* PirateParrot.jpg */; };
		93AC0ADB196121CA0034CA5A /* PiratePlank.jpg in Resources */ = {isa = PBXBuildFile; fileRef = 93AC0ACF196121CA0034CA5A /* PiratePlank.jpg */; };
		93AC0ADC196121CA0034CA5A /* PirateShipBattle.jpeg in Resources */ = {isa = PBXBuildFile; fileRef = 93AC0AD0196121CA0034CA5A /* PirateShipBattle.jpeg */; };
		93AC0ADD196121CA0034CA5A /* PirateStart.jpg in Resources */ = {isa = PBXBuildFile; fileRef = 93AC0AD1196121CA0034CA5A /* PirateStart.jpg */; };
		93AC0ADE196121CA0034CA5A /* PirateTreasure.jpeg in Resources */ = {isa = PBXBuildFile; fileRef = 93AC0AD2196121CA0034CA5A /* PirateTreasure.jpeg */; };
		93AC0ADF196121CA0034CA5A /* PirateTreasurer2.jpeg in Resources */ = {isa = PBXBuildFile; fileRef = 93AC0AD3196121CA0034CA5A /* PirateTreasurer2.jpeg */; };
		93AC0AE0196121CA0034CA5A /* PirateWeapons.jpeg in Resources */ = {isa = PBXBuildFile; fileRef = 93AC0AD4196121CA0034CA5A /* PirateWeapons.jpeg */; };
		93AC0AE31961AD540034CA5A /* Weapon.m in Sources */ = {isa = PBXBuildFile; fileRef = 93AC0AE21961AD540034CA5A /* Weapon.m */; };
		93AC0AE61961AD930034CA5A /* Armor.m in Sources */ = {isa = PBXBuildFile; fileRef = 93AC0AE51961AD930034CA5A /* Armor.m */; };
		93AC0AE91961ADF20034CA5A /* Character.m in Sources */ = {isa = PBXBuildFile; fileRef = 93AC0AE81961ADF20034CA5A /* Character.m */; };
		93AC0AEC196286D70034CA5A /* Boss.m in Sources */ = {isa = PBXBuildFile; fileRef = 93AC0AEB196286D70034CA5A /* Boss.m */; };
/* End PBXBuildFile section */

/* Begin PBXContainerItemProxy section */
		93AC0A6E195C02530034CA5A /* PBXContainerItemProxy */ = {
			isa = PBXContainerItemProxy;
			containerPortal = 93AC0A40195C02530034CA5A /* Project object */;
			proxyType = 1;
			remoteGlobalIDString = 93AC0A47195C02530034CA5A;
			remoteInfo = "Udemy_5(Pirate_adventure)";
		};
/* End PBXContainerItemProxy section */

/* Begin PBXFileReference section */
		93AC0A48195C02530034CA5A /* Udemy_5(Pirate_adventure).app */ = {isa = PBXFileReference; explicitFileType = wrapper.application; includeInIndex = 0; path = "Udemy_5(Pirate_adventure).app"; sourceTree = BUILT_PRODUCTS_DIR; };
		93AC0A4B195C02530034CA5A /* Foundation.framework */ = {isa = PBXFileReference; lastKnownFileType = wrapper.framework; name = Foundation.framework; path = System/Library/Frameworks/Foundation.framework; sourceTree = SDKROOT; };
		93AC0A4D195C02530034CA5A /* CoreGraphics.framework */ = {isa = PBXFileReference; lastKnownFileType = wrapper.framework; name = CoreGraphics.framework; path = System/Library/Frameworks/CoreGraphics.framework; sourceTree = SDKROOT; };
		93AC0A4F195C02530034CA5A /* UIKit.framework */ = {isa = PBXFileReference; lastKnownFileType = wrapper.framework; name = UIKit.framework; path = System/Library/Frameworks/UIKit.framework; sourceTree = SDKROOT; };
		93AC0A53195C02530034CA5A /* Udemy_5(Pirate_adventure)-Info.plist */ = {isa = PBXFileReference; lastKnownFileType = text.plist.xml; path = "Udemy_5(Pirate_adventure)-Info.plist"; sourceTree = "<group>"; };
		93AC0A55195C02530034CA5A /* en */ = {isa = PBXFileReference; lastKnownFileType = text.plist.strings; name = en; path = en.lproj/InfoPlist.strings; sourceTree = "<group>"; };
		93AC0A57195C02530034CA5A /* main.m */ = {isa = PBXFileReference; lastKnownFileType = sourcecode.c.objc; path = main.m; sourceTree = "<group>"; };
		93AC0A59195C02530034CA5A /* Udemy_5(Pirate_adventure)-Prefix.pch */ = {isa = PBXFileReference; lastKnownFileType = sourcecode.c.h; path = "Udemy_5(Pirate_adventure)-Prefix.pch"; sourceTree = "<group>"; };
		93AC0A5A195C02530034CA5A /* AppDelegate.h */ = {isa = PBXFileReference; lastKnownFileType = sourcecode.c.h; path = AppDelegate.h; sourceTree = "<group>"; };
		93AC0A5B195C02530034CA5A /* AppDelegate.m */ = {isa = PBXFileReference; lastKnownFileType = sourcecode.c.objc; path = AppDelegate.m; sourceTree = "<group>"; };
		93AC0A5E195C02530034CA5A /* Base */ = {isa = PBXFileReference; lastKnownFileType = file.storyboard; name = Base; path = Base.lproj/Main.storyboard; sourceTree = "<group>"; };
		93AC0A60195C02530034CA5A /* ViewController.h */ = {isa = PBXFileReference; lastKnownFileType = sourcecode.c.h; path = ViewController.h; sourceTree = "<group>"; };
		93AC0A61195C02530034CA5A /* ViewController.m */ = {isa = PBXFileReference; lastKnownFileType = sourcecode.c.objc; path = ViewController.m; sourceTree = "<group>"; };
		93AC0A63195C02530034CA5A /* Images.xcassets */ = {isa = PBXFileReference; lastKnownFileType = folder.assetcatalog; path = Images.xcassets; sourceTree = "<group>"; };
		93AC0A69195C02530034CA5A /* Udemy_5(Pirate_adventure)Tests.xctest */ = {isa = PBXFileReference; explicitFileType = wrapper.cfbundle; includeInIndex = 0; path = "Udemy_5(Pirate_adventure)Tests.xctest"; sourceTree = BUILT_PRODUCTS_DIR; };
		93AC0A6A195C02530034CA5A /* XCTest.framework */ = {isa = PBXFileReference; lastKnownFileType = wrapper.framework; name = XCTest.framework; path = Library/Frameworks/XCTest.framework; sourceTree = DEVELOPER_DIR; };
		93AC0A72195C02530034CA5A /* Udemy_5(Pirate_adventure)Tests-Info.plist */ = {isa = PBXFileReference; lastKnownFileType = text.plist.xml; path = "Udemy_5(Pirate_adventure)Tests-Info.plist"; sourceTree = "<group>"; };
		93AC0A74195C02530034CA5A /* en */ = {isa = PBXFileReference; lastKnownFileType = text.plist.strings; name = en; path = en.lproj/InfoPlist.strings; sourceTree = "<group>"; };
		93AC0A76195C02530034CA5A /* Udemy_5_Pirate_adventure_Tests.m */ = {isa = PBXFileReference; lastKnownFileType = sourcecode.c.objc; path = Udemy_5_Pirate_adventure_Tests.m; sourceTree = "<group>"; };
		93AC0AC1195DDBC10034CA5A /* Tile.h */ = {isa = PBXFileReference; fileEncoding = 4; lastKnownFileType = sourcecode.c.h; path = Tile.h; sourceTree = "<group>"; };
		93AC0AC2195DDBC10034CA5A /* Tile.m */ = {isa = PBXFileReference; fileEncoding = 4; lastKnownFileType = sourcecode.c.objc; path = Tile.m; sourceTree = "<group>"; };
		93AC0AC4196004AB0034CA5A /* Factory.h */ = {isa = PBXFileReference; fileEncoding = 4; lastKnownFileType = sourcecode.c.h; path = Factory.h; sourceTree = "<group>"; };
		93AC0AC5196004AB0034CA5A /* Factory.m */ = {isa = PBXFileReference; fileEncoding = 4; lastKnownFileType = sourcecode.c.objc; path = Factory.m; sourceTree = "<group>"; };
		93AC0AC9196121CA0034CA5A /* PirateAttack.jpg */ = {isa = PBXFileReference; lastKnownFileType = image.jpeg; path = PirateAttack.jpg; sourceTree = "<group>"; };
		93AC0ACA196121CA0034CA5A /* PirateBlacksmith.jpeg */ = {isa = PBXFileReference; lastKnownFileType = image.jpeg; path = PirateBlacksmith.jpeg; sourceTree = "<group>"; };
		93AC0ACB196121CA0034CA5A /* PirateBoss.jpeg */ = {isa = PBXFileReference; lastKnownFileType = image.jpeg; path = PirateBoss.jpeg; sourceTree = "<group>"; };
		93AC0ACC196121CA0034CA5A /* PirateFriendlyDock.jpg */ = {isa = PBXFileReference; lastKnownFileType = image.jpeg; path = PirateFriendlyDock.jpg; sourceTree = "<group>"; };
		93AC0ACD196121CA0034CA5A /* PirateOctopusAttack.jpg */ = {isa = PBXFileReference; lastKnownFileType = image.jpeg; path = PirateOctopusAttack.jpg; sourceTree = "<group>"; };
		93AC0ACE196121CA0034CA5A /* PirateParrot.jpg */ = {isa = PBXFileReference; lastKnownFileType = image.jpeg; path = PirateParrot.jpg; sourceTree = "<group>"; };
		93AC0ACF196121CA0034CA5A /* PiratePlank.jpg */ = {isa = PBXFileReference; lastKnownFileType = image.jpeg; path = PiratePlank.jpg; sourceTree = "<group>"; };
		93AC0AD0196121CA0034CA5A /* PirateShipBattle.jpeg */ = {isa = PBXFileReference; lastKnownFileType = image.jpeg; path = PirateShipBattle.jpeg; sourceTree = "<group>"; };
		93AC0AD1196121CA0034CA5A /* PirateStart.jpg */ = {isa = PBXFileReference; lastKnownFileType = image.jpeg; path = PirateStart.jpg; sourceTree = "<group>"; };
		93AC0AD2196121CA0034CA5A /* PirateTreasure.jpeg */ = {isa = PBXFileReference; lastKnownFileType = image.jpeg; path = PirateTreasure.jpeg; sourceTree = "<group>"; };
		93AC0AD3196121CA0034CA5A /* PirateTreasurer2.jpeg */ = {isa = PBXFileReference; lastKnownFileType = image.jpeg; path = PirateTreasurer2.jpeg; sourceTree = "<group>"; };
		93AC0AD4196121CA0034CA5A /* PirateWeapons.jpeg */ = {isa = PBXFileReference; lastKnownFileType = image.jpeg; path = PirateWeapons.jpeg; sourceTree = "<group>"; };
		93AC0AE11961AD540034CA5A /* Weapon.h */ = {isa = PBXFileReference; fileEncoding = 4; lastKnownFileType = sourcecode.c.h; path = Weapon.h; sourceTree = "<group>"; };
		93AC0AE21961AD540034CA5A /* Weapon.m */ = {isa = PBXFileReference; fileEncoding = 4; lastKnownFileType = sourcecode.c.objc; path = Weapon.m; sourceTree = "<group>"; };
		93AC0AE41961AD930034CA5A /* Armor.h */ = {isa = PBXFileReference; fileEncoding = 4; lastKnownFileType = sourcecode.c.h; path = Armor.h; sourceTree = "<group>"; };
		93AC0AE51961AD930034CA5A /* Armor.m */ = {isa = PBXFileReference; fileEncoding = 4; lastKnownFileType = sourcecode.c.objc; path = Armor.m; sourceTree = "<group>"; };
		93AC0AE71961ADF20034CA5A /* Character.h */ = {isa = PBXFileReference; fileEncoding = 4; lastKnownFileType = sourcecode.c.h; path = Character.h; sourceTree = "<group>"; };
		93AC0AE81961ADF20034CA5A /* Character.m */ = {isa = PBXFileReference; fileEncoding = 4; lastKnownFileType = sourcecode.c.objc; path = Character.m; sourceTree = "<group>"; };
		93AC0AEA196286D70034CA5A /* Boss.h */ = {isa = PBXFileReference; fileEncoding = 4; lastKnownFileType = sourcecode.c.h; path = Boss.h; sourceTree = "<group>"; };
		93AC0AEB196286D70034CA5A /* Boss.m */ = {isa = PBXFileReference; fileEncoding = 4; lastKnownFileType = sourcecode.c.objc; path = Boss.m; sourceTree = "<group>"; };
/* End PBXFileReference section */

/* Begin PBXFrameworksBuildPhase section */
		93AC0A45195C02530034CA5A /* Frameworks */ = {
			isa = PBXFrameworksBuildPhase;
			buildActionMask = 2147483647;
			files = (
				93AC0A4E195C02530034CA5A /* CoreGraphics.framework in Frameworks */,
				93AC0A50195C02530034CA5A /* UIKit.framework in Frameworks */,
				93AC0A4C195C02530034CA5A /* Foundation.framework in Frameworks */,
			);
			runOnlyForDeploymentPostprocessing = 0;
		};
		93AC0A66195C02530034CA5A /* Frameworks */ = {
			isa = PBXFrameworksBuildPhase;
			buildActionMask = 2147483647;
			files = (
				93AC0A6B195C02530034CA5A /* XCTest.framework in Frameworks */,
				93AC0A6D195C02530034CA5A /* UIKit.framework in Frameworks */,
				93AC0A6C195C02530034CA5A /* Foundation.framework in Frameworks */,
			);
			runOnlyForDeploymentPostprocessing = 0;
		};
/* End PBXFrameworksBuildPhase section */

/* Begin PBXGroup section */
		93AC0A3F195C02530034CA5A = {
			isa = PBXGroup;
			children = (
				93AC0A51195C02530034CA5A /* Udemy_5(Pirate_adventure) */,
				93AC0A70195C02530034CA5A /* Udemy_5(Pirate_adventure)Tests */,
				93AC0A4A195C02530034CA5A /* Frameworks */,
				93AC0A49195C02530034CA5A /* Products */,
			);
			sourceTree = "<group>";
		};
		93AC0A49195C02530034CA5A /* Products */ = {
			isa = PBXGroup;
			children = (
				93AC0A48195C02530034CA5A /* Udemy_5(Pirate_adventure).app */,
				93AC0A69195C02530034CA5A /* Udemy_5(Pirate_adventure)Tests.xctest */,
			);
			name = Products;
			sourceTree = "<group>";
		};
		93AC0A4A195C02530034CA5A /* Frameworks */ = {
			isa = PBXGroup;
			children = (
				93AC0A4B195C02530034CA5A /* Foundation.framework */,
				93AC0A4D195C02530034CA5A /* CoreGraphics.framework */,
				93AC0A4F195C02530034CA5A /* UIKit.framework */,
				93AC0A6A195C02530034CA5A /* XCTest.framework */,
			);
			name = Frameworks;
			sourceTree = "<group>";
		};
		93AC0A51195C02530034CA5A /* Udemy_5(Pirate_adventure) */ = {
			isa = PBXGroup;
			children = (
				93AC0A5A195C02530034CA5A /* AppDelegate.h */,
				93AC0A5B195C02530034CA5A /* AppDelegate.m */,
				93AC0A5D195C02530034CA5A /* Main.storyboard */,
				93AC0A60195C02530034CA5A /* ViewController.h */,
				93AC0A61195C02530034CA5A /* ViewController.m */,
				93AC0AC0195DDB870034CA5A /* Model */,
				93AC0A63195C02530034CA5A /* Images.xcassets */,
				93AC0A52195C02530034CA5A /* Supporting Files */,
			);
			path = "Udemy_5(Pirate_adventure)";
			sourceTree = "<group>";
		};
		93AC0A52195C02530034CA5A /* Supporting Files */ = {
			isa = PBXGroup;
			children = (
				93AC0AC8196121A80034CA5A /* ImagesForBackground */,
				93AC0A53195C02530034CA5A /* Udemy_5(Pirate_adventure)-Info.plist */,
				93AC0A54195C02530034CA5A /* InfoPlist.strings */,
				93AC0A57195C02530034CA5A /* main.m */,
				93AC0A59195C02530034CA5A /* Udemy_5(Pirate_adventure)-Prefix.pch */,
			);
			name = "Supporting Files";
			sourceTree = "<group>";
		};
		93AC0A70195C02530034CA5A /* Udemy_5(Pirate_adventure)Tests */ = {
			isa = PBXGroup;
			children = (
				93AC0A76195C02530034CA5A /* Udemy_5_Pirate_adventure_Tests.m */,
				93AC0A71195C02530034CA5A /* Supporting Files */,
			);
			path = "Udemy_5(Pirate_adventure)Tests";
			sourceTree = "<group>";
		};
		93AC0A71195C02530034CA5A /* Supporting Files */ = {
			isa = PBXGroup;
			children = (
				93AC0A72195C02530034CA5A /* Udemy_5(Pirate_adventure)Tests-Info.plist */,
				93AC0A73195C02530034CA5A /* InfoPlist.strings */,
			);
			name = "Supporting Files";
			sourceTree = "<group>";
		};
		93AC0AC0195DDB870034CA5A /* Model */ = {
			isa = PBXGroup;
			children = (
				93AC0AC7196004B80034CA5A /* Factory */,
				93AC0AC1195DDBC10034CA5A /* Tile.h */,
				93AC0AC2195DDBC10034CA5A /* Tile.m */,
				93AC0AE11961AD540034CA5A /* Weapon.h */,
				93AC0AE21961AD540034CA5A /* Weapon.m */,
				93AC0AE41961AD930034CA5A /* Armor.h */,
				93AC0AE51961AD930034CA5A /* Armor.m */,
				93AC0AE71961ADF20034CA5A /* Character.h */,
				93AC0AE81961ADF20034CA5A /* Character.m */,
				93AC0AEA196286D70034CA5A /* Boss.h */,
				93AC0AEB196286D70034CA5A /* Boss.m */,
			);
			name = Model;
			sourceTree = "<group>";
		};
		93AC0AC7196004B80034CA5A /* Factory */ = {
			isa = PBXGroup;
			children = (
				93AC0AC4196004AB0034CA5A /* Factory.h */,
				93AC0AC5196004AB0034CA5A /* Factory.m */,
			);
			name = Factory;
			sourceTree = "<group>";
		};
		93AC0AC8196121A80034CA5A /* ImagesForBackground */ = {
			isa = PBXGroup;
			children = (
				93AC0AC9196121CA0034CA5A /* PirateAttack.jpg */,
				93AC0ACA196121CA0034CA5A /* PirateBlacksmith.jpeg */,
				93AC0ACB196121CA0034CA5A /* PirateBoss.jpeg */,
				93AC0ACC196121CA0034CA5A /* PirateFriendlyDock.jpg */,
				93AC0ACD196121CA0034CA5A /* PirateOctopusAttack.jpg */,
				93AC0ACE196121CA0034CA5A /* PirateParrot.jpg */,
				93AC0ACF196121CA0034CA5A /* PiratePlank.jpg */,
				93AC0AD0196121CA0034CA5A /* PirateShipBattle.jpeg */,
				93AC0AD1196121CA0034CA5A /* PirateStart.jpg */,
				93AC0AD2196121CA0034CA5A /* PirateTreasure.jpeg */,
				93AC0AD3196121CA0034CA5A /* PirateTreasurer2.jpeg */,
				93AC0AD4196121CA0034CA5A /* PirateWeapons.jpeg */,
			);
			name = ImagesForBackground;
			sourceTree = "<group>";
		};
/* End PBXGroup section */

/* Begin PBXNativeTarget section */
		93AC0A47195C02530034CA5A /* Udemy_5(Pirate_adventure) */ = {
			isa = PBXNativeTarget;
			buildConfigurationList = 93AC0A7A195C02530034CA5A /* Build configuration list for PBXNativeTarget "Udemy_5(Pirate_adventure)" */;
			buildPhases = (
				93AC0A44195C02530034CA5A /* Sources */,
				93AC0A45195C02530034CA5A /* Frameworks */,
				93AC0A46195C02530034CA5A /* Resources */,
			);
			buildRules = (
			);
			dependencies = (
			);
			name = "Udemy_5(Pirate_adventure)";
			productName = "Udemy_5(Pirate_adventure)";
			productReference = 93AC0A48195C02530034CA5A /* Udemy_5(Pirate_adventure).app */;
			productType = "com.apple.product-type.application";
		};
		93AC0A68195C02530034CA5A /* Udemy_5(Pirate_adventure)Tests */ = {
			isa = PBXNativeTarget;
			buildConfigurationList = 93AC0A7D195C02530034CA5A /* Build configuration list for PBXNativeTarget "Udemy_5(Pirate_adventure)Tests" */;
			buildPhases = (
				93AC0A65195C02530034CA5A /* Sources */,
				93AC0A66195C02530034CA5A /* Frameworks */,
				93AC0A67195C02530034CA5A /* Resources */,
			);
			buildRules = (
			);
			dependencies = (
				93AC0A6F195C02530034CA5A /* PBXTargetDependency */,
			);
			name = "Udemy_5(Pirate_adventure)Tests";
			productName = "Udemy_5(Pirate_adventure)Tests";
			productReference = 93AC0A69195C02530034CA5A /* Udemy_5(Pirate_adventure)Tests.xctest */;
			productType = "com.apple.product-type.bundle.unit-test";
		};
/* End PBXNativeTarget section */

/* Begin PBXProject section */
		93AC0A40195C02530034CA5A /* Project object */ = {
			isa = PBXProject;
			attributes = {
				LastUpgradeCheck = 0510;
				ORGANIZATIONNAME = "Danil Mironov";
				TargetAttributes = {
					93AC0A68195C02530034CA5A = {
						TestTargetID = 93AC0A47195C02530034CA5A;
					};
				};
			};
			buildConfigurationList = 93AC0A43195C02530034CA5A /* Build configuration list for PBXProject "Udemy_5(Pirate_adventure)" */;
			compatibilityVersion = "Xcode 3.2";
			developmentRegion = English;
			hasScannedForEncodings = 0;
			knownRegions = (
				en,
				Base,
			);
			mainGroup = 93AC0A3F195C02530034CA5A;
			productRefGroup = 93AC0A49195C02530034CA5A /* Products */;
			projectDirPath = "";
			projectRoot = "";
			targets = (
				93AC0A47195C02530034CA5A /* Udemy_5(Pirate_adventure) */,
				93AC0A68195C02530034CA5A /* Udemy_5(Pirate_adventure)Tests */,
			);
		};
/* End PBXProject section */

/* Begin PBXResourcesBuildPhase section */
		93AC0A46195C02530034CA5A /* Resources */ = {
			isa = PBXResourcesBuildPhase;
			buildActionMask = 2147483647;
			files = (
				93AC0AD9196121CA0034CA5A /* PirateOctopusAttack.jpg in Resources */,
				93AC0AE0196121CA0034CA5A /* PirateWeapons.jpeg in Resources */,
				93AC0ADB196121CA0034CA5A /* PiratePlank.jpg in Resources */,
				93AC0ADE196121CA0034CA5A /* PirateTreasure.jpeg in Resources */,
				93AC0AD8196121CA0034CA5A /* PirateFriendlyDock.jpg in Resources */,
				93AC0AD5196121CA0034CA5A /* PirateAttack.jpg in Resources */,
				93AC0A64195C02530034CA5A /* Images.xcassets in Resources */,
				93AC0A56195C02530034CA5A /* InfoPlist.strings in Resources */,
				93AC0A5F195C02530034CA5A /* Main.storyboard in Resources */,
				93AC0ADC196121CA0034CA5A /* PirateShipBattle.jpeg in Resources */,
				93AC0ADF196121CA0034CA5A /* PirateTreasurer2.jpeg in Resources */,
				93AC0AD6196121CA0034CA5A /* PirateBlacksmith.jpeg in Resources */,
				93AC0ADD196121CA0034CA5A /* PirateStart.jpg in Resources */,
				93AC0AD7196121CA0034CA5A /* PirateBoss.jpeg in Resources */,
				93AC0ADA196121CA0034CA5A /* PirateParrot.jpg in Resources */,
			);
			runOnlyForDeploymentPostprocessing = 0;
		};
		93AC0A67195C02530034CA5A /* Resources */ = {
			isa = PBXResourcesBuildPhase;
			buildActionMask = 2147483647;
			files = (
				93AC0A75195C02530034CA5A /* InfoPlist.strings in Resources */,
			);
			runOnlyForDeploymentPostprocessing = 0;
		};
/* End PBXResourcesBuildPhase section */

/* Begin PBXSourcesBuildPhase section */
		93AC0A44195C02530034CA5A /* Sources */ = {
			isa = PBXSourcesBuildPhase;
			buildActionMask = 2147483647;
			files = (
				93AC0AE61961AD930034CA5A /* Armor.m in Sources */,
				93AC0AC6196004AB0034CA5A /* Factory.m in Sources */,
				93AC0A62195C02530034CA5A /* ViewController.m in Sources */,
				93AC0AE91961ADF20034CA5A /* Character.m in Sources */,
				93AC0A5C195C02530034CA5A /* AppDelegate.m in Sources */,
				93AC0AE31961AD540034CA5A /* Weapon.m in Sources */,
				93AC0AEC196286D70034CA5A /* Boss.m in Sources */,
				93AC0A58195C02530034CA5A /* main.m in Sources */,
				93AC0AC3195DDBC10034CA5A /* Tile.m in Sources */,
			);
			runOnlyForDeploymentPostprocessing = 0;
		};
		93AC0A65195C02530034CA5A /* Sources */ = {
			isa = PBXSourcesBuildPhase;
			buildActionMask = 2147483647;
			files = (
				93AC0A77195C02530034CA5A /* Udemy_5_Pirate_adventure_Tests.m in Sources */,
			);
			runOnlyForDeploymentPostprocessing = 0;
		};
/* End PBXSourcesBuildPhase section */

/* Begin PBXTargetDependency section */
		93AC0A6F195C02530034CA5A /* PBXTargetDependency */ = {
			isa = PBXTargetDependency;
			target = 93AC0A47195C02530034CA5A /* Udemy_5(Pirate_adventure) */;
			targetProxy = 93AC0A6E195C02530034CA5A /* PBXContainerItemProxy */;
		};
/* End PBXTargetDependency section */

/* Begin PBXVariantGroup section */
		93AC0A54195C02530034CA5A /* InfoPlist.strings */ = {
			isa = PBXVariantGroup;
			children = (
				93AC0A55195C02530034CA5A /* en */,
			);
			name = InfoPlist.strings;
			sourceTree = "<group>";
		};
		93AC0A5D195C02530034CA5A /* Main.storyboard */ = {
			isa = PBXVariantGroup;
			children = (
				93AC0A5E195C02530034CA5A /* Base */,
			);
			name = Main.storyboard;
			sourceTree = "<group>";
		};
		93AC0A73195C02530034CA5A /* InfoPlist.strings */ = {
			isa = PBXVariantGroup;
			children = (
				93AC0A74195C02530034CA5A /* en */,
			);
			name = InfoPlist.strings;
			sourceTree = "<group>";
		};
/* End PBXVariantGroup section */

/* Begin XCBuildConfiguration section */
		93AC0A78195C02530034CA5A /* Debug */ = {
			isa = XCBuildConfiguration;
			buildSettings = {
				ALWAYS_SEARCH_USER_PATHS = NO;
				CLANG_CXX_LANGUAGE_STANDARD = "gnu++0x";
				CLANG_CXX_LIBRARY = "libc++";
				CLANG_ENABLE_MODULES = YES;
				CLANG_ENABLE_OBJC_ARC = YES;
				CLANG_WARN_BOOL_CONVERSION = YES;
				CLANG_WARN_CONSTANT_CONVERSION = YES;
				CLANG_WARN_DIRECT_OBJC_ISA_USAGE = YES_ERROR;
				CLANG_WARN_EMPTY_BODY = YES;
				CLANG_WARN_ENUM_CONVERSION = YES;
				CLANG_WARN_INT_CONVERSION = YES;
				CLANG_WARN_OBJC_ROOT_CLASS = YES_ERROR;
				CLANG_WARN__DUPLICATE_METHOD_MATCH = YES;
				"CODE_SIGN_IDENTITY[sdk=iphoneos*]" = "iPhone Developer";
				COPY_PHASE_STRIP = NO;
				GCC_C_LANGUAGE_STANDARD = gnu99;
				GCC_DYNAMIC_NO_PIC = NO;
				GCC_OPTIMIZATION_LEVEL = 0;
				GCC_PREPROCESSOR_DEFINITIONS = (
					"DEBUG=1",
					"$(inherited)",
				);
				GCC_SYMBOLS_PRIVATE_EXTERN = NO;
				GCC_WARN_64_TO_32_BIT_CONVERSION = YES;
				GCC_WARN_ABOUT_RETURN_TYPE = YES_ERROR;
				GCC_WARN_UNDECLARED_SELECTOR = YES;
				GCC_WARN_UNINITIALIZED_AUTOS = YES_AGGRESSIVE;
				GCC_WARN_UNUSED_FUNCTION = YES;
				GCC_WARN_UNUSED_VARIABLE = YES;
				IPHONEOS_DEPLOYMENT_TARGET = 7.1;
				ONLY_ACTIVE_ARCH = YES;
				SDKROOT = iphoneos;
			};
			name = Debug;
		};
		93AC0A79195C02530034CA5A /* Release */ = {
			isa = XCBuildConfiguration;
			buildSettings = {
				ALWAYS_SEARCH_USER_PATHS = NO;
				CLANG_CXX_LANGUAGE_STANDARD = "gnu++0x";
				CLANG_CXX_LIBRARY = "libc++";
				CLANG_ENABLE_MODULES = YES;
				CLANG_ENABLE_OBJC_ARC = YES;
				CLANG_WARN_BOOL_CONVERSION = YES;
				CLANG_WARN_CONSTANT_CONVERSION = YES;
				CLANG_WARN_DIRECT_OBJC_ISA_USAGE = YES_ERROR;
				CLANG_WARN_EMPTY_BODY = YES;
				CLANG_WARN_ENUM_CONVERSION = YES;
				CLANG_WARN_INT_CONVERSION = YES;
				CLANG_WARN_OBJC_ROOT_CLASS = YES_ERROR;
				CLANG_WARN__DUPLICATE_METHOD_MATCH = YES;
				"CODE_SIGN_IDENTITY[sdk=iphoneos*]" = "iPhone Developer";
				COPY_PHASE_STRIP = YES;
				ENABLE_NS_ASSERTIONS = NO;
				GCC_C_LANGUAGE_STANDARD = gnu99;
				GCC_WARN_64_TO_32_BIT_CONVERSION = YES;
				GCC_WARN_ABOUT_RETURN_TYPE = YES_ERROR;
				GCC_WARN_UNDECLARED_SELECTOR = YES;
				GCC_WARN_UNINITIALIZED_AUTOS = YES_AGGRESSIVE;
				GCC_WARN_UNUSED_FUNCTION = YES;
				GCC_WARN_UNUSED_VARIABLE = YES;
				IPHONEOS_DEPLOYMENT_TARGET = 7.1;
				SDKROOT = iphoneos;
				VALIDATE_PRODUCT = YES;
			};
			name = Release;
		};
		93AC0A7B195C02530034CA5A /* Debug */ = {
			isa = XCBuildConfiguration;
			buildSettings = {
				ASSETCATALOG_COMPILER_APPICON_NAME = AppIcon;
				ASSETCATALOG_COMPILER_LAUNCHIMAGE_NAME = LaunchImage;
				GCC_PRECOMPILE_PREFIX_HEADER = YES;
				GCC_PREFIX_HEADER = "Udemy_5(Pirate_adventure)/Udemy_5(Pirate_adventure)-Prefix.pch";
				INFOPLIST_FILE = "Udemy_5(Pirate_adventure)/Udemy_5(Pirate_adventure)-Info.plist";
				PRODUCT_NAME = "$(TARGET_NAME)";
				WRAPPER_EXTENSION = app;
			};
			name = Debug;
		};
		93AC0A7C195C02530034CA5A /* Release */ = {
			isa = XCBuildConfiguration;
			buildSettings = {
				ASSETCATALOG_COMPILER_APPICON_NAME = AppIcon;
				ASSETCATALOG_COMPILER_LAUNCHIMAGE_NAME = LaunchImage;
				GCC_PRECOMPILE_PREFIX_HEADER = YES;
				GCC_PREFIX_HEADER = "Udemy_5(Pirate_adventure)/Udemy_5(Pirate_adventure)-Prefix.pch";
				INFOPLIST_FILE = "Udemy_5(Pirate_adventure)/Udemy_5(Pirate_adventure)-Info.plist";
				PRODUCT_NAME = "$(TARGET_NAME)";
				WRAPPER_EXTENSION = app;
			};
			name = Release;
		};
		93AC0A7E195C02530034CA5A /* Debug */ = {
			isa = XCBuildConfiguration;
			buildSettings = {
				BUNDLE_LOADER = "$(BUILT_PRODUCTS_DIR)/Udemy_5(Pirate_adventure).app/Udemy_5(Pirate_adventure)";
				FRAMEWORK_SEARCH_PATHS = (
					"$(SDKROOT)/Developer/Library/Frameworks",
					"$(inherited)",
					"$(DEVELOPER_FRAMEWORKS_DIR)",
				);
				GCC_PRECOMPILE_PREFIX_HEADER = YES;
				GCC_PREFIX_HEADER = "Udemy_5(Pirate_adventure)/Udemy_5(Pirate_adventure)-Prefix.pch";
				GCC_PREPROCESSOR_DEFINITIONS = (
					"DEBUG=1",
					"$(inherited)",
				);
				INFOPLIST_FILE = "Udemy_5(Pirate_adventure)Tests/Udemy_5(Pirate_adventure)Tests-Info.plist";
				PRODUCT_NAME = "$(TARGET_NAME)";
				TEST_HOST = "$(BUNDLE_LOADER)";
				WRAPPER_EXTENSION = xctest;
			};
			name = Debug;
		};
		93AC0A7F195C02530034CA5A /* Release */ = {
			isa = XCBuildConfiguration;
			buildSettings = {
				BUNDLE_LOADER = "$(BUILT_PRODUCTS_DIR)/Udemy_5(Pirate_adventure).app/Udemy_5(Pirate_adventure)";
				FRAMEWORK_SEARCH_PATHS = (
					"$(SDKROOT)/Developer/Library/Frameworks",
					"$(inherited)",
					"$(DEVELOPER_FRAMEWORKS_DIR)",
				);
				GCC_PRECOMPILE_PREFIX_HEADER = YES;
				GCC_PREFIX_HEADER = "Udemy_5(Pirate_adventure)/Udemy_5(Pirate_adventure)-Prefix.pch";
				INFOPLIST_FILE = "Udemy_5(Pirate_adventure)Tests/Udemy_5(Pirate_adventure)Tests-Info.plist";
				PRODUCT_NAME = "$(TARGET_NAME)";
				TEST_HOST = "$(BUNDLE_LOADER)";
				WRAPPER_EXTENSION = xctest;
			};
			name = Release;
		};
/* End XCBuildConfiguration section */

/* Begin XCConfigurationList section */
		93AC0A43195C02530034CA5A /* Build configuration list for PBXProject "Udemy_5(Pirate_adventure)" */ = {
			isa = XCConfigurationList;
			buildConfigurations = (
				93AC0A78195C02530034CA5A /* Debug */,
				93AC0A79195C02530034CA5A /* Release */,
			);
			defaultConfigurationIsVisible = 0;
			defaultConfigurationName = Release;
		};
		93AC0A7A195C02530034CA5A /* Build configuration list for PBXNativeTarget "Udemy_5(Pirate_adventure)" */ = {
			isa = XCConfigurationList;
			buildConfigurations = (
				93AC0A7B195C02530034CA5A /* Debug */,
				93AC0A7C195C02530034CA5A /* Release */,
			);
			defaultConfigurationIsVisible = 0;
		};
		93AC0A7D195C02530034CA5A /* Build configuration list for PBXNativeTarget "Udemy_5(Pirate_adventure)Tests" */ = {
			isa = XCConfigurationList;
			buildConfigurations = (
				93AC0A7E195C02530034CA5A /* Debug */,
				93AC0A7F195C02530034CA5A /* Release */,
			);
			defaultConfigurationIsVisible = 0;
		};
/* End XCConfigurationList section */
	};
	rootObject = 93AC0A40195C02530034CA5A /* Project object */;
}
